
Microsoft Visual Studio Solution File, Format Version 12.00
# Visual Studio Version 17
VisualStudioVersion = 17.11.35222.181
MinimumVisualStudioVersion = 10.0.40219.1
Project("{8BC9CEB8-8B4A-11D0-8D11-00A0C91BC942}") = "OpenGL", "OpenGL\OpenGL.vcxproj", "{C393AB95-DB3F-4310-901C-1CDFA94A4264}"
EndProject
Global
	GlobalSection(SolutionConfigurationPlatforms) = preSolution
		Debug|x64 = Debug|x64
		Debug|x86 = Debug|x86
		Release|x64 = Release|x64
		Release|x86 = Release|x86
	EndGlobalSection
	GlobalSection(ProjectConfigurationPlatforms) = postSolution
		{C393AB95-DB3F-4310-901C-1CDFA94A4264}.Debug|x64.ActiveCfg = Debug|x64
		{C393AB95-DB3F-4310-901C-1CDFA94A4264}.Debug|x64.Build.0 = Debug|x64
		{C393AB95-DB3F-4310-901C-1CDFA94A4264}.Debug|x86.ActiveCfg = Debug|Win32
		{C393AB95-DB3F-4310-901C-1CDFA94A4264}.Debug|x86.Build.0 = Debug|Win32
		{C393AB95-DB3F-4310-901C-1CDFA94A4264}.Release|x64.ActiveCfg = Release|x64
		{C393AB95-DB3F-4310-901C-1CDFA94A4264}.Release|x64.Build.0 = Release|x64
		{C393AB95-DB3F-4310-901C-1CDFA94A4264}.Release|x86.ActiveCfg = Release|Win32
		{C393AB95-DB3F-4310-901C-1CDFA94A4264}.Release|x86.Build.0 = Release|Win32
	EndGlobalSection
	GlobalSection(SolutionProperties) = preSolution
		HideSolutionNode = FALSE
	EndGlobalSection
	GlobalSection(ExtensibilityGlobals) = postSolution
		SolutionGuid = {B2FC5F1B-0703-4F73-B2A2-901BDEB6C16C}
	EndGlobalSection
EndGlobal
